
Microsoft Visual Studio Solution File, Format Version 12.00
# Visual Studio Version 16
VisualStudioVersion = 16.0.30503.244
MinimumVisualStudioVersion = 10.0.40219.1
Project("{FAE04EC0-301F-11D3-BF4B-00C04F79EFBC}") = "MCTG", "MCTG\MCTG.csproj", "{493CC9D5-4589-4758-9D90-7C9005FD5977}"
EndProject
Project("{9A19103F-16F7-4668-BE54-9A1E7A4F7556}") = "NUnitTest", "NUnitTest\NUnitTest.csproj", "{666EFFDC-9D21-412D-AC06-26D887307613}"
EndProject
Global
	GlobalSection(SolutionConfigurationPlatforms) = preSolution
		Debug|Any CPU = Debug|Any CPU
		Release|Any CPU = Release|Any CPU
	EndGlobalSection
	GlobalSection(ProjectConfigurationPlatforms) = postSolution
		{493CC9D5-4589-4758-9D90-7C9005FD5977}.Debug|Any CPU.ActiveCfg = Debug|Any CPU
		{493CC9D5-4589-4758-9D90-7C9005FD5977}.Debug|Any CPU.Build.0 = Debug|Any CPU
		{493CC9D5-4589-4758-9D90-7C9005FD5977}.Release|Any CPU.ActiveCfg = Release|Any CPU
		{493CC9D5-4589-4758-9D90-7C9005FD5977}.Release|Any CPU.Build.0 = Release|Any CPU
		{666EFFDC-9D21-412D-AC06-26D887307613}.Debug|Any CPU.ActiveCfg = Debug|Any CPU
		{666EFFDC-9D21-412D-AC06-26D887307613}.Debug|Any CPU.Build.0 = Debug|Any CPU
		{666EFFDC-9D21-412D-AC06-26D887307613}.Release|Any CPU.ActiveCfg = Release|Any CPU
		{666EFFDC-9D21-412D-AC06-26D887307613}.Release|Any CPU.Build.0 = Release|Any CPU
	EndGlobalSection
	GlobalSection(SolutionProperties) = preSolution
		HideSolutionNode = FALSE
	EndGlobalSection
	GlobalSection(ExtensibilityGlobals) = postSolution
		SolutionGuid = {9F5FE998-779B-48EB-B8A7-2C00798269A9}
	EndGlobalSection
EndGlobal
